
Microsoft Visual Studio Solution File, Format Version 12.00
# Visual Studio Version 17
VisualStudioVersion = 17.3.32901.215
MinimumVisualStudioVersion = 10.0.40219.1
Project("{FAE04EC0-301F-11D3-BF4B-00C04F79EFBC}") = "Graficzne1", "Graficzne1\Graficzne1.csproj", "{B2083774-04CF-463F-81D4-C042711AA4BE}"
EndProject
Global
	GlobalSection(SolutionConfigurationPlatforms) = preSolution
		Debug|Any CPU = Debug|Any CPU
		Release|Any CPU = Release|Any CPU
	EndGlobalSection
	GlobalSection(ProjectConfigurationPlatforms) = postSolution
		{B2083774-04CF-463F-81D4-C042711AA4BE}.Debug|Any CPU.ActiveCfg = Debug|Any CPU
		{B2083774-04CF-463F-81D4-C042711AA4BE}.Debug|Any CPU.Build.0 = Debug|Any CPU
		{B2083774-04CF-463F-81D4-C042711AA4BE}.Release|Any CPU.ActiveCfg = Release|Any CPU
		{B2083774-04CF-463F-81D4-C042711AA4BE}.Release|Any CPU.Build.0 = Release|Any CPU
	EndGlobalSection
	GlobalSection(SolutionProperties) = preSolution
		HideSolutionNode = FALSE
	EndGlobalSection
	GlobalSection(ExtensibilityGlobals) = postSolution
		SolutionGuid = {CD32598A-5049-4F1A-A115-E667C5B702C9}
	EndGlobalSection
EndGlobal
